
Microsoft Visual Studio Solution File, Format Version 12.00
# Visual Studio Version 17
VisualStudioVersion = 17.3.32929.385
MinimumVisualStudioVersion = 10.0.40219.1
Project("{FAE04EC0-301F-11D3-BF4B-00C04F79EFBC}") = "WpfApp5Resource", "WpfApp5Resource\WpfApp5Resource.csproj", "{B4A7E926-29A3-496E-A643-5F99F1295690}"
EndProject
Global
	GlobalSection(SolutionConfigurationPlatforms) = preSolution
		Debug|Any CPU = Debug|Any CPU
		Release|Any CPU = Release|Any CPU
	EndGlobalSection
	GlobalSection(ProjectConfigurationPlatforms) = postSolution
		{B4A7E926-29A3-496E-A643-5F99F1295690}.Debug|Any CPU.ActiveCfg = Debug|Any CPU
		{B4A7E926-29A3-496E-A643-5F99F1295690}.Debug|Any CPU.Build.0 = Debug|Any CPU
		{B4A7E926-29A3-496E-A643-5F99F1295690}.Release|Any CPU.ActiveCfg = Release|Any CPU
		{B4A7E926-29A3-496E-A643-5F99F1295690}.Release|Any CPU.Build.0 = Release|Any CPU
	EndGlobalSection
	GlobalSection(SolutionProperties) = preSolution
		HideSolutionNode = FALSE
	EndGlobalSection
	GlobalSection(ExtensibilityGlobals) = postSolution
		SolutionGuid = {7341FA24-E092-4DD8-BB5A-D34768986D74}
	EndGlobalSection
EndGlobal
