
Microsoft Visual Studio Solution File, Format Version 12.00
# Visual Studio Version 17
VisualStudioVersion = 17.3.32929.385
MinimumVisualStudioVersion = 10.0.40219.1
Project("{FAE04EC0-301F-11D3-BF4B-00C04F79EFBC}") = "WpfApp5", "WpfApp5\WpfApp5.csproj", "{48F670F3-7901-4D35-B7AF-E5BCEEC15058}"
EndProject
Global
	GlobalSection(SolutionConfigurationPlatforms) = preSolution
		Debug|Any CPU = Debug|Any CPU
		Release|Any CPU = Release|Any CPU
	EndGlobalSection
	GlobalSection(ProjectConfigurationPlatforms) = postSolution
		{48F670F3-7901-4D35-B7AF-E5BCEEC15058}.Debug|Any CPU.ActiveCfg = Debug|Any CPU
		{48F670F3-7901-4D35-B7AF-E5BCEEC15058}.Debug|Any CPU.Build.0 = Debug|Any CPU
		{48F670F3-7901-4D35-B7AF-E5BCEEC15058}.Release|Any CPU.ActiveCfg = Release|Any CPU
		{48F670F3-7901-4D35-B7AF-E5BCEEC15058}.Release|Any CPU.Build.0 = Release|Any CPU
	EndGlobalSection
	GlobalSection(SolutionProperties) = preSolution
		HideSolutionNode = FALSE
	EndGlobalSection
	GlobalSection(ExtensibilityGlobals) = postSolution
		SolutionGuid = {B63281DC-75FB-46BB-B427-14309922C0EF}
	EndGlobalSection
EndGlobal
