
Microsoft Visual Studio Solution File, Format Version 12.00
# Visual Studio Version 17
VisualStudioVersion = 17.3.32929.385
MinimumVisualStudioVersion = 10.0.40219.1
Project("{FAE04EC0-301F-11D3-BF4B-00C04F79EFBC}") = "WpfApp3", "WpfApp3\WpfApp3.csproj", "{5239C499-8FDE-4054-9878-642FCE92C85B}"
EndProject
Global
	GlobalSection(SolutionConfigurationPlatforms) = preSolution
		Debug|Any CPU = Debug|Any CPU
		Release|Any CPU = Release|Any CPU
	EndGlobalSection
	GlobalSection(ProjectConfigurationPlatforms) = postSolution
		{5239C499-8FDE-4054-9878-642FCE92C85B}.Debug|Any CPU.ActiveCfg = Debug|Any CPU
		{5239C499-8FDE-4054-9878-642FCE92C85B}.Debug|Any CPU.Build.0 = Debug|Any CPU
		{5239C499-8FDE-4054-9878-642FCE92C85B}.Release|Any CPU.ActiveCfg = Release|Any CPU
		{5239C499-8FDE-4054-9878-642FCE92C85B}.Release|Any CPU.Build.0 = Release|Any CPU
	EndGlobalSection
	GlobalSection(SolutionProperties) = preSolution
		HideSolutionNode = FALSE
	EndGlobalSection
	GlobalSection(ExtensibilityGlobals) = postSolution
		SolutionGuid = {B68B8E2C-6BBB-48BC-BDA4-FAFB5ABF456F}
	EndGlobalSection
EndGlobal
