
Microsoft Visual Studio Solution File, Format Version 12.00
# Visual Studio Version 17
VisualStudioVersion = 17.3.32929.385
MinimumVisualStudioVersion = 10.0.40219.1
Project("{FAE04EC0-301F-11D3-BF4B-00C04F79EFBC}") = "WpfApp2", "WpfApp2\WpfApp2.csproj", "{1467CFE4-E0B8-4820-90A9-5C9380E9FB0A}"
EndProject
Global
	GlobalSection(SolutionConfigurationPlatforms) = preSolution
		Debug|Any CPU = Debug|Any CPU
		Release|Any CPU = Release|Any CPU
	EndGlobalSection
	GlobalSection(ProjectConfigurationPlatforms) = postSolution
		{1467CFE4-E0B8-4820-90A9-5C9380E9FB0A}.Debug|Any CPU.ActiveCfg = Debug|Any CPU
		{1467CFE4-E0B8-4820-90A9-5C9380E9FB0A}.Debug|Any CPU.Build.0 = Debug|Any CPU
		{1467CFE4-E0B8-4820-90A9-5C9380E9FB0A}.Release|Any CPU.ActiveCfg = Release|Any CPU
		{1467CFE4-E0B8-4820-90A9-5C9380E9FB0A}.Release|Any CPU.Build.0 = Release|Any CPU
	EndGlobalSection
	GlobalSection(SolutionProperties) = preSolution
		HideSolutionNode = FALSE
	EndGlobalSection
	GlobalSection(ExtensibilityGlobals) = postSolution
		SolutionGuid = {F25460C3-BB78-4601-A253-EFB946E4CF51}
	EndGlobalSection
EndGlobal
