
Microsoft Visual Studio Solution File, Format Version 12.00
# Visual Studio Version 17
VisualStudioVersion = 17.3.32929.385
MinimumVisualStudioVersion = 10.0.40219.1
Project("{FAE04EC0-301F-11D3-BF4B-00C04F79EFBC}") = "CaclHomework", "CaclHomework\CaclHomework.csproj", "{13010034-CDDF-4946-85AC-CC14C610180F}"
EndProject
Global
	GlobalSection(SolutionConfigurationPlatforms) = preSolution
		Debug|Any CPU = Debug|Any CPU
		Release|Any CPU = Release|Any CPU
	EndGlobalSection
	GlobalSection(ProjectConfigurationPlatforms) = postSolution
		{13010034-CDDF-4946-85AC-CC14C610180F}.Debug|Any CPU.ActiveCfg = Debug|Any CPU
		{13010034-CDDF-4946-85AC-CC14C610180F}.Debug|Any CPU.Build.0 = Debug|Any CPU
		{13010034-CDDF-4946-85AC-CC14C610180F}.Release|Any CPU.ActiveCfg = Release|Any CPU
		{13010034-CDDF-4946-85AC-CC14C610180F}.Release|Any CPU.Build.0 = Release|Any CPU
	EndGlobalSection
	GlobalSection(SolutionProperties) = preSolution
		HideSolutionNode = FALSE
	EndGlobalSection
	GlobalSection(ExtensibilityGlobals) = postSolution
		SolutionGuid = {B92163C2-E751-49C7-BA5A-8109FE2BDD01}
	EndGlobalSection
EndGlobal
