
Microsoft Visual Studio Solution File, Format Version 12.00
# Visual Studio Version 17
VisualStudioVersion = 17.3.32929.385
MinimumVisualStudioVersion = 10.0.40219.1
Project("{FAE04EC0-301F-11D3-BF4B-00C04F79EFBC}") = "WpfApp12", "WpfApp12\WpfApp12.csproj", "{3046713B-5C56-40E2-B695-037E47A45FAA}"
EndProject
Global
	GlobalSection(SolutionConfigurationPlatforms) = preSolution
		Debug|Any CPU = Debug|Any CPU
		Release|Any CPU = Release|Any CPU
	EndGlobalSection
	GlobalSection(ProjectConfigurationPlatforms) = postSolution
		{3046713B-5C56-40E2-B695-037E47A45FAA}.Debug|Any CPU.ActiveCfg = Debug|Any CPU
		{3046713B-5C56-40E2-B695-037E47A45FAA}.Debug|Any CPU.Build.0 = Debug|Any CPU
		{3046713B-5C56-40E2-B695-037E47A45FAA}.Release|Any CPU.ActiveCfg = Release|Any CPU
		{3046713B-5C56-40E2-B695-037E47A45FAA}.Release|Any CPU.Build.0 = Release|Any CPU
	EndGlobalSection
	GlobalSection(SolutionProperties) = preSolution
		HideSolutionNode = FALSE
	EndGlobalSection
	GlobalSection(ExtensibilityGlobals) = postSolution
		SolutionGuid = {C590092B-69F9-4156-9955-53C28DE8D169}
	EndGlobalSection
EndGlobal
